
Microsoft Visual Studio Solution File, Format Version 12.00
# Visual Studio Version 17
VisualStudioVersion = 17.9.34622.214
MinimumVisualStudioVersion = 10.0.40219.1
Project("{FAE04EC0-301F-11D3-BF4B-00C04F79EFBC}") = "Sudoku_oop", "Sudoku_opp\Sudoku_oop.csproj", "{8CC2B500-00C3-4918-B275-603FA960264F}"
EndProject
Global
	GlobalSection(SolutionConfigurationPlatforms) = preSolution
		Debug|Any CPU = Debug|Any CPU
		Release|Any CPU = Release|Any CPU
	EndGlobalSection
	GlobalSection(ProjectConfigurationPlatforms) = postSolution
		{8CC2B500-00C3-4918-B275-603FA960264F}.Debug|Any CPU.ActiveCfg = Debug|Any CPU
		{8CC2B500-00C3-4918-B275-603FA960264F}.Debug|Any CPU.Build.0 = Debug|Any CPU
		{8CC2B500-00C3-4918-B275-603FA960264F}.Release|Any CPU.ActiveCfg = Release|Any CPU
		{8CC2B500-00C3-4918-B275-603FA960264F}.Release|Any CPU.Build.0 = Release|Any CPU
	EndGlobalSection
	GlobalSection(SolutionProperties) = preSolution
		HideSolutionNode = FALSE
	EndGlobalSection
	GlobalSection(ExtensibilityGlobals) = postSolution
		SolutionGuid = {F1846CBF-17E4-4AFB-85AA-EA8FECD8A1EC}
	EndGlobalSection
EndGlobal
